
Microsoft Visual Studio Solution File, Format Version 12.00
# Visual Studio Version 17
VisualStudioVersion = 17.4.33213.308
MinimumVisualStudioVersion = 10.0.40219.1
Project("{FAE04EC0-301F-11D3-BF4B-00C04F79EFBC}") = "IPD_thread4_semhapore", "IPD_thread4_semhapore.csproj", "{0371F88B-9206-49E6-997D-CD918A5098FE}"
EndProject
Global
	GlobalSection(SolutionConfigurationPlatforms) = preSolution
		Debug|Any CPU = Debug|Any CPU
		Release|Any CPU = Release|Any CPU
	EndGlobalSection
	GlobalSection(ProjectConfigurationPlatforms) = postSolution
		{0371F88B-9206-49E6-997D-CD918A5098FE}.Debug|Any CPU.ActiveCfg = Debug|Any CPU
		{0371F88B-9206-49E6-997D-CD918A5098FE}.Debug|Any CPU.Build.0 = Debug|Any CPU
		{0371F88B-9206-49E6-997D-CD918A5098FE}.Release|Any CPU.ActiveCfg = Release|Any CPU
		{0371F88B-9206-49E6-997D-CD918A5098FE}.Release|Any CPU.Build.0 = Release|Any CPU
	EndGlobalSection
	GlobalSection(SolutionProperties) = preSolution
		HideSolutionNode = FALSE
	EndGlobalSection
	GlobalSection(ExtensibilityGlobals) = postSolution
		SolutionGuid = {B8DD4732-EF67-4CDA-8FC8-A8489EA1AE79}
	EndGlobalSection
EndGlobal
